// !$*UTF8*$!
{
	archiveVersion = 1;
	classes = {
	};
	objectVersion = 50;
	objects = {

/* Begin PBXBuildFile section */
		D45454C22061A67100DE7527 /* test.zip.enc in Resources */ = {isa = PBXBuildFile; fileRef = D45454C12061A67000DE7527 /* test.zip.enc */; };
		D45454C32061A67100DE7527 /* test.zip.enc in Resources */ = {isa = PBXBuildFile; fileRef = D45454C12061A67000DE7527 /* test.zip.enc */; };
		D48D23292058A397004D36FB /* SHA256.swift in Sources */ = {isa = PBXBuildFile; fileRef = D48D23282058A397004D36FB /* SHA256.swift */; };
		D48EF522205867BB006EBA23 /* AES256CBC.swift in Sources */ = {isa = PBXBuildFile; fileRef = D48EF521205867BB006EBA23 /* AES256CBC.swift */; };
		D48EF523205867BB006EBA23 /* AES256CBC.swift in Sources */ = {isa = PBXBuildFile; fileRef = D48EF521205867BB006EBA23 /* AES256CBC.swift */; };
		D4B2A77D2059A46B004E4C3F /* AESParallel.swift in Sources */ = {isa = PBXBuildFile; fileRef = D4B2A77C2059A46B004E4C3F /* AESParallel.swift */; };
		D4B2A77E2059A566004E4C3F /* AESParallel.swift in Sources */ = {isa = PBXBuildFile; fileRef = D4B2A77C2059A46B004E4C3F /* AESParallel.swift */; };
		D4CB6F852056B16700055013 /* AppDelegate.swift in Sources */ = {isa = PBXBuildFile; fileRef = D4CB6F842056B16700055013 /* AppDelegate.swift */; };
		D4CB6F872056B16700055013 /* ViewController.swift in Sources */ = {isa = PBXBuildFile; fileRef = D4CB6F862056B16700055013 /* ViewController.swift */; };
		D4CB6F8A2056B16700055013 /* Main.storyboard in Resources */ = {isa = PBXBuildFile; fileRef = D4CB6F882056B16700055013 /* Main.storyboard */; };
		D4CB6F8C2056B16900055013 /* Assets.xcassets in Resources */ = {isa = PBXBuildFile; fileRef = D4CB6F8B2056B16900055013 /* Assets.xcassets */; };
		D4CB6F8F2056B16900055013 /* LaunchScreen.storyboard in Resources */ = {isa = PBXBuildFile; fileRef = D4CB6F8D2056B16900055013 /* LaunchScreen.storyboard */; };
		D4CB6F9A2056B16900055013 /* CryptTestTests.swift in Sources */ = {isa = PBXBuildFile; fileRef = D4CB6F992056B16900055013 /* CryptTestTests.swift */; };
		D4CB6FA52056B16900055013 /* CryptTestUITests.swift in Sources */ = {isa = PBXBuildFile; fileRef = D4CB6FA42056B16900055013 /* CryptTestUITests.swift */; };
		D4CB70002056B6BE00055013 /* helloworld.txt in Resources */ = {isa = PBXBuildFile; fileRef = D4CB6FFF2056B6BE00055013 /* helloworld.txt */; };
		D4CB70022056BCB200055013 /* ViewController.swift in Sources */ = {isa = PBXBuildFile; fileRef = D4CB6F862056B16700055013 /* ViewController.swift */; };
		D4D5C0EA20597C1D002D08DC /* SHA256.swift in Sources */ = {isa = PBXBuildFile; fileRef = D48D23282058A397004D36FB /* SHA256.swift */; };
/* End PBXBuildFile section */

/* Begin PBXContainerItemProxy section */
		D4CB6F962056B16900055013 /* PBXContainerItemProxy */ = {
			isa = PBXContainerItemProxy;
			containerPortal = D4CB6F792056B16700055013 /* Project object */;
			proxyType = 1;
			remoteGlobalIDString = D4CB6F802056B16700055013;
			remoteInfo = CryptTest;
		};
		D4CB6FA12056B16900055013 /* PBXContainerItemProxy */ = {
			isa = PBXContainerItemProxy;
			containerPortal = D4CB6F792056B16700055013 /* Project object */;
			proxyType = 1;
			remoteGlobalIDString = D4CB6F802056B16700055013;
			remoteInfo = CryptTest;
		};
/* End PBXContainerItemProxy section */

/* Begin PBXFileReference section */
		D45454C12061A67000DE7527 /* test.zip.enc */ = {isa = PBXFileReference; lastKnownFileType = file; path = test.zip.enc; sourceTree = "<group>"; };
		D48D23282058A397004D36FB /* SHA256.swift */ = {isa = PBXFileReference; lastKnownFileType = sourcecode.swift; path = SHA256.swift; sourceTree = "<group>"; };
		D48D232A2058A4F1004D36FB /* CryptTest-Swift.h */ = {isa = PBXFileReference; lastKnownFileType = sourcecode.c.h; path = "CryptTest-Swift.h"; sourceTree = "<group>"; };
		D48EF521205867BB006EBA23 /* AES256CBC.swift */ = {isa = PBXFileReference; fileEncoding = 4; lastKnownFileType = sourcecode.swift; path = AES256CBC.swift; sourceTree = "<group>"; };
		D4B2A77C2059A46B004E4C3F /* AESParallel.swift */ = {isa = PBXFileReference; lastKnownFileType = sourcecode.swift; path = AESParallel.swift; sourceTree = "<group>"; };
		D4CB6F812056B16700055013 /* CryptTest.app */ = {isa = PBXFileReference; explicitFileType = wrapper.application; includeInIndex = 0; path = CryptTest.app; sourceTree = BUILT_PRODUCTS_DIR; };
		D4CB6F842056B16700055013 /* AppDelegate.swift */ = {isa = PBXFileReference; lastKnownFileType = sourcecode.swift; path = AppDelegate.swift; sourceTree = "<group>"; };
		D4CB6F862056B16700055013 /* ViewController.swift */ = {isa = PBXFileReference; lastKnownFileType = sourcecode.swift; path = ViewController.swift; sourceTree = "<group>"; };
		D4CB6F892056B16700055013 /* Base */ = {isa = PBXFileReference; lastKnownFileType = file.storyboard; name = Base; path = Base.lproj/Main.storyboard; sourceTree = "<group>"; };
		D4CB6F8B2056B16900055013 /* Assets.xcassets */ = {isa = PBXFileReference; lastKnownFileType = folder.assetcatalog; path = Assets.xcassets; sourceTree = "<group>"; };
		D4CB6F8E2056B16900055013 /* Base */ = {isa = PBXFileReference; lastKnownFileType = file.storyboard; name = Base; path = Base.lproj/LaunchScreen.storyboard; sourceTree = "<group>"; };
		D4CB6F902056B16900055013 /* Info.plist */ = {isa = PBXFileReference; lastKnownFileType = text.plist.xml; path = Info.plist; sourceTree = "<group>"; };
		D4CB6F952056B16900055013 /* CryptTestTests.xctest */ = {isa = PBXFileReference; explicitFileType = wrapper.cfbundle; includeInIndex = 0; path = CryptTestTests.xctest; sourceTree = BUILT_PRODUCTS_DIR; };
		D4CB6F992056B16900055013 /* CryptTestTests.swift */ = {isa = PBXFileReference; lastKnownFileType = sourcecode.swift; path = CryptTestTests.swift; sourceTree = "<group>"; };
		D4CB6F9B2056B16900055013 /* Info.plist */ = {isa = PBXFileReference; lastKnownFileType = text.plist.xml; path = Info.plist; sourceTree = "<group>"; };
		D4CB6FA02056B16900055013 /* CryptTestUITests.xctest */ = {isa = PBXFileReference; explicitFileType = wrapper.cfbundle; includeInIndex = 0; path = CryptTestUITests.xctest; sourceTree = BUILT_PRODUCTS_DIR; };
		D4CB6FA42056B16900055013 /* CryptTestUITests.swift */ = {isa = PBXFileReference; lastKnownFileType = sourcecode.swift; path = CryptTestUITests.swift; sourceTree = "<group>"; };
		D4CB6FA62056B16900055013 /* Info.plist */ = {isa = PBXFileReference; lastKnownFileType = text.plist.xml; path = Info.plist; sourceTree = "<group>"; };
		D4CB6FFF2056B6BE00055013 /* helloworld.txt */ = {isa = PBXFileReference; lastKnownFileType = text; path = helloworld.txt; sourceTree = "<group>"; };
/* End PBXFileReference section */

/* Begin PBXFrameworksBuildPhase section */
		D4CB6F7E2056B16700055013 /* Frameworks */ = {
			isa = PBXFrameworksBuildPhase;
			buildActionMask = 2147483647;
			files = (
			);
			runOnlyForDeploymentPostprocessing = 0;
		};
		D4CB6F922056B16900055013 /* Frameworks */ = {
			isa = PBXFrameworksBuildPhase;
			buildActionMask = 2147483647;
			files = (
			);
			runOnlyForDeploymentPostprocessing = 0;
		};
		D4CB6F9D2056B16900055013 /* Frameworks */ = {
			isa = PBXFrameworksBuildPhase;
			buildActionMask = 2147483647;
			files = (
			);
			runOnlyForDeploymentPostprocessing = 0;
		};
/* End PBXFrameworksBuildPhase section */

/* Begin PBXGroup section */
		D4B2A7792059A43F004E4C3F /* encryption */ = {
			isa = PBXGroup;
			children = (
				D4B2A77B2059A458004E4C3F /* Hash */,
				D4B2A77A2059A449004E4C3F /* AES256 */,
				D4B2A77C2059A46B004E4C3F /* AESParallel.swift */,
			);
			path = encryption;
			sourceTree = "<group>";
		};
		D4B2A77A2059A449004E4C3F /* AES256 */ = {
			isa = PBXGroup;
			children = (
				D48EF521205867BB006EBA23 /* AES256CBC.swift */,
			);
			path = AES256;
			sourceTree = "<group>";
		};
		D4B2A77B2059A458004E4C3F /* Hash */ = {
			isa = PBXGroup;
			children = (
				D48D23282058A397004D36FB /* SHA256.swift */,
			);
			path = Hash;
			sourceTree = "<group>";
		};
		D4CB6F782056B16700055013 = {
			isa = PBXGroup;
			children = (
				D4CB6F832056B16700055013 /* CryptTest */,
				D4CB6F982056B16900055013 /* CryptTestTests */,
				D4CB6FA32056B16900055013 /* CryptTestUITests */,
				D4CB6F822056B16700055013 /* Products */,
			);
			sourceTree = "<group>";
		};
		D4CB6F822056B16700055013 /* Products */ = {
			isa = PBXGroup;
			children = (
				D4CB6F812056B16700055013 /* CryptTest.app */,
				D4CB6F952056B16900055013 /* CryptTestTests.xctest */,
				D4CB6FA02056B16900055013 /* CryptTestUITests.xctest */,
			);
			name = Products;
			sourceTree = "<group>";
		};
		D4CB6F832056B16700055013 /* CryptTest */ = {
			isa = PBXGroup;
			children = (
				D4B2A7792059A43F004E4C3F /* encryption */,
				D4CB6F842056B16700055013 /* AppDelegate.swift */,
				D4CB6F862056B16700055013 /* ViewController.swift */,
				D4CB6F882056B16700055013 /* Main.storyboard */,
				D4CB6F8B2056B16900055013 /* Assets.xcassets */,
				D4CB6F8D2056B16900055013 /* LaunchScreen.storyboard */,
				D4CB6F902056B16900055013 /* Info.plist */,
				D4CB6FFF2056B6BE00055013 /* helloworld.txt */,
				D45454C12061A67000DE7527 /* test.zip.enc */,
				D48D232A2058A4F1004D36FB /* CryptTest-Swift.h */,
			);
			path = CryptTest;
			sourceTree = "<group>";
		};
		D4CB6F982056B16900055013 /* CryptTestTests */ = {
			isa = PBXGroup;
			children = (
				D4CB6F992056B16900055013 /* CryptTestTests.swift */,
				D4CB6F9B2056B16900055013 /* Info.plist */,
			);
			path = CryptTestTests;
			sourceTree = "<group>";
		};
		D4CB6FA32056B16900055013 /* CryptTestUITests */ = {
			isa = PBXGroup;
			children = (
				D4CB6FA42056B16900055013 /* CryptTestUITests.swift */,
				D4CB6FA62056B16900055013 /* Info.plist */,
			);
			path = CryptTestUITests;
			sourceTree = "<group>";
		};
/* End PBXGroup section */

/* Begin PBXNativeTarget section */
		D4CB6F802056B16700055013 /* CryptTest */ = {
			isa = PBXNativeTarget;
			buildConfigurationList = D4CB6FA92056B16900055013 /* Build configuration list for PBXNativeTarget "CryptTest" */;
			buildPhases = (
				D4CB6F7D2056B16700055013 /* Sources */,
				D4CB6F7E2056B16700055013 /* Frameworks */,
				D4CB6F7F2056B16700055013 /* Resources */,
			);
			buildRules = (
			);
			dependencies = (
			);
			name = CryptTest;
			productName = CryptTest;
			productReference = D4CB6F812056B16700055013 /* CryptTest.app */;
			productType = "com.apple.product-type.application";
		};
		D4CB6F942056B16900055013 /* CryptTestTests */ = {
			isa = PBXNativeTarget;
			buildConfigurationList = D4CB6FAC2056B16900055013 /* Build configuration list for PBXNativeTarget "CryptTestTests" */;
			buildPhases = (
				D4CB6F912056B16900055013 /* Sources */,
				D4CB6F922056B16900055013 /* Frameworks */,
				D4CB6F932056B16900055013 /* Resources */,
			);
			buildRules = (
			);
			dependencies = (
				D4CB6F972056B16900055013 /* PBXTargetDependency */,
			);
			name = CryptTestTests;
			productName = CryptTestTests;
			productReference = D4CB6F952056B16900055013 /* CryptTestTests.xctest */;
			productType = "com.apple.product-type.bundle.unit-test";
		};
		D4CB6F9F2056B16900055013 /* CryptTestUITests */ = {
			isa = PBXNativeTarget;
			buildConfigurationList = D4CB6FAF2056B16900055013 /* Build configuration list for PBXNativeTarget "CryptTestUITests" */;
			buildPhases = (
				D4CB6F9C2056B16900055013 /* Sources */,
				D4CB6F9D2056B16900055013 /* Frameworks */,
				D4CB6F9E2056B16900055013 /* Resources */,
			);
			buildRules = (
			);
			dependencies = (
				D4CB6FA22056B16900055013 /* PBXTargetDependency */,
			);
			name = CryptTestUITests;
			productName = CryptTestUITests;
			productReference = D4CB6FA02056B16900055013 /* CryptTestUITests.xctest */;
			productType = "com.apple.product-type.bundle.ui-testing";
		};
/* End PBXNativeTarget section */

/* Begin PBXProject section */
		D4CB6F792056B16700055013 /* Project object */ = {
			isa = PBXProject;
			attributes = {
				LastSwiftUpdateCheck = 0930;
				LastUpgradeCheck = 0930;
				ORGANIZATIONNAME = "Wes van der Vleuten";
				TargetAttributes = {
					D4CB6F802056B16700055013 = {
						CreatedOnToolsVersion = 9.3;
						LastSwiftMigration = 0930;
						SystemCapabilities = {
							com.apple.DataProtection = {
								enabled = 0;
							};
						};
					};
					D4CB6F942056B16900055013 = {
						CreatedOnToolsVersion = 9.3;
						TestTargetID = D4CB6F802056B16700055013;
					};
					D4CB6F9F2056B16900055013 = {
						CreatedOnToolsVersion = 9.3;
						TestTargetID = D4CB6F802056B16700055013;
					};
				};
			};
			buildConfigurationList = D4CB6F7C2056B16700055013 /* Build configuration list for PBXProject "CryptTest" */;
			compatibilityVersion = "Xcode 9.3";
			developmentRegion = en;
			hasScannedForEncodings = 0;
			knownRegions = (
				en,
				Base,
			);
			mainGroup = D4CB6F782056B16700055013;
			productRefGroup = D4CB6F822056B16700055013 /* Products */;
			projectDirPath = "";
			projectRoot = "";
			targets = (
				D4CB6F802056B16700055013 /* CryptTest */,
				D4CB6F942056B16900055013 /* CryptTestTests */,
				D4CB6F9F2056B16900055013 /* CryptTestUITests */,
			);
		};
/* End PBXProject section */

/* Begin PBXResourcesBuildPhase section */
		D4CB6F7F2056B16700055013 /* Resources */ = {
			isa = PBXResourcesBuildPhase;
			buildActionMask = 2147483647;
			files = (
				D4CB6F8F2056B16900055013 /* LaunchScreen.storyboard in Resources */,
				D4CB6F8C2056B16900055013 /* Assets.xcassets in Resources */,
				D4CB70002056B6BE00055013 /* helloworld.txt in Resources */,
				D4CB6F8A2056B16700055013 /* Main.storyboard in Resources */,
				D45454C22061A67100DE7527 /* test.zip.enc in Resources */,
			);
			runOnlyForDeploymentPostprocessing = 0;
		};
		D4CB6F932056B16900055013 /* Resources */ = {
			isa = PBXResourcesBuildPhase;
			buildActionMask = 2147483647;
			files = (
				D45454C32061A67100DE7527 /* test.zip.enc in Resources */,
			);
			runOnlyForDeploymentPostprocessing = 0;
		};
		D4CB6F9E2056B16900055013 /* Resources */ = {
			isa = PBXResourcesBuildPhase;
			buildActionMask = 2147483647;
			files = (
			);
			runOnlyForDeploymentPostprocessing = 0;
		};
/* End PBXResourcesBuildPhase section */

/* Begin PBXSourcesBuildPhase section */
		D4CB6F7D2056B16700055013 /* Sources */ = {
			isa = PBXSourcesBuildPhase;
			buildActionMask = 2147483647;
			files = (
				D48D23292058A397004D36FB /* SHA256.swift in Sources */,
				D4CB6F872056B16700055013 /* ViewController.swift in Sources */,
				D48EF522205867BB006EBA23 /* AES256CBC.swift in Sources */,
				D4CB6F852056B16700055013 /* AppDelegate.swift in Sources */,
				D4B2A77D2059A46B004E4C3F /* AESParallel.swift in Sources */,
			);
			runOnlyForDeploymentPostprocessing = 0;
		};
		D4CB6F912056B16900055013 /* Sources */ = {
			isa = PBXSourcesBuildPhase;
			buildActionMask = 2147483647;
			files = (
				D4D5C0EA20597C1D002D08DC /* SHA256.swift in Sources */,
				D4CB70022056BCB200055013 /* ViewController.swift in Sources */,
				D48EF523205867BB006EBA23 /* AES256CBC.swift in Sources */,
				D4CB6F9A2056B16900055013 /* CryptTestTests.swift in Sources */,
				D4B2A77E2059A566004E4C3F /* AESParallel.swift in Sources */,
			);
			runOnlyForDeploymentPostprocessing = 0;
		};
		D4CB6F9C2056B16900055013 /* Sources */ = {
			isa = PBXSourcesBuildPhase;
			buildActionMask = 2147483647;
			files = (
				D4CB6FA52056B16900055013 /* CryptTestUITests.swift in Sources */,
			);
			runOnlyForDeploymentPostprocessing = 0;
		};
/* End PBXSourcesBuildPhase section */

/* Begin PBXTargetDependency section */
		D4CB6F972056B16900055013 /* PBXTargetDependency */ = {
			isa = PBXTargetDependency;
			target = D4CB6F802056B16700055013 /* CryptTest */;
			targetProxy = D4CB6F962056B16900055013 /* PBXContainerItemProxy */;
		};
		D4CB6FA22056B16900055013 /* PBXTargetDependency */ = {
			isa = PBXTargetDependency;
			target = D4CB6F802056B16700055013 /* CryptTest */;
			targetProxy = D4CB6FA12056B16900055013 /* PBXContainerItemProxy */;
		};
/* End PBXTargetDependency section */

/* Begin PBXVariantGroup section */
		D4CB6F882056B16700055013 /* Main.storyboard */ = {
			isa = PBXVariantGroup;
			children = (
				D4CB6F892056B16700055013 /* Base */,
			);
			name = Main.storyboard;
			sourceTree = "<group>";
		};
		D4CB6F8D2056B16900055013 /* LaunchScreen.storyboard */ = {
			isa = PBXVariantGroup;
			children = (
				D4CB6F8E2056B16900055013 /* Base */,
			);
			name = LaunchScreen.storyboard;
			sourceTree = "<group>";
		};
/* End PBXVariantGroup section */

/* Begin XCBuildConfiguration section */
		D4CB6FA72056B16900055013 /* Debug */ = {
			isa = XCBuildConfiguration;
			buildSettings = {
				ALWAYS_SEARCH_USER_PATHS = NO;
				CLANG_ANALYZER_NONNULL = YES;
				CLANG_ANALYZER_NUMBER_OBJECT_CONVERSION = YES_AGGRESSIVE;
				CLANG_CXX_LANGUAGE_STANDARD = "gnu++14";
				CLANG_CXX_LIBRARY = "libc++";
				CLANG_ENABLE_MODULES = YES;
				CLANG_ENABLE_OBJC_ARC = YES;
				CLANG_ENABLE_OBJC_WEAK = YES;
				CLANG_WARN_BLOCK_CAPTURE_AUTORELEASING = YES;
				CLANG_WARN_BOOL_CONVERSION = YES;
				CLANG_WARN_COMMA = YES;
				CLANG_WARN_CONSTANT_CONVERSION = YES;
				CLANG_WARN_DEPRECATED_OBJC_IMPLEMENTATIONS = YES;
				CLANG_WARN_DIRECT_OBJC_ISA_USAGE = YES_ERROR;
				CLANG_WARN_DOCUMENTATION_COMMENTS = YES;
				CLANG_WARN_EMPTY_BODY = YES;
				CLANG_WARN_ENUM_CONVERSION = YES;
				CLANG_WARN_INFINITE_RECURSION = YES;
				CLANG_WARN_INT_CONVERSION = YES;
				CLANG_WARN_NON_LITERAL_NULL_CONVERSION = YES;
				CLANG_WARN_OBJC_IMPLICIT_RETAIN_SELF = YES;
				CLANG_WARN_OBJC_LITERAL_CONVERSION = YES;
				CLANG_WARN_OBJC_ROOT_CLASS = YES_ERROR;
				CLANG_WARN_RANGE_LOOP_ANALYSIS = YES;
				CLANG_WARN_STRICT_PROTOTYPES = YES;
				CLANG_WARN_SUSPICIOUS_MOVE = YES;
				CLANG_WARN_UNGUARDED_AVAILABILITY = YES_AGGRESSIVE;
				CLANG_WARN_UNREACHABLE_CODE = YES;
				CLANG_WARN__DUPLICATE_METHOD_MATCH = YES;
				CODE_SIGN_IDENTITY = "iPhone Developer";
				COPY_PHASE_STRIP = NO;
				DEBUG_INFORMATION_FORMAT = dwarf;
				ENABLE_STRICT_OBJC_MSGSEND = YES;
				ENABLE_TESTABILITY = YES;
				GCC_C_LANGUAGE_STANDARD = gnu11;
				GCC_DYNAMIC_NO_PIC = NO;
				GCC_NO_COMMON_BLOCKS = YES;
				GCC_OPTIMIZATION_LEVEL = 0;
				GCC_PREPROCESSOR_DEFINITIONS = (
					"DEBUG=1",
					"$(inherited)",
				);
				GCC_WARN_64_TO_32_BIT_CONVERSION = YES;
				GCC_WARN_ABOUT_RETURN_TYPE = YES_ERROR;
				GCC_WARN_UNDECLARED_SELECTOR = YES;
				GCC_WARN_UNINITIALIZED_AUTOS = YES_AGGRESSIVE;
				GCC_WARN_UNUSED_FUNCTION = YES;
				GCC_WARN_UNUSED_VARIABLE = YES;
				IPHONEOS_DEPLOYMENT_TARGET = 11.3;
				MTL_ENABLE_DEBUG_INFO = YES;
				ONLY_ACTIVE_ARCH = YES;
				SDKROOT = iphoneos;
				SWIFT_ACTIVE_COMPILATION_CONDITIONS = DEBUG;
				SWIFT_OPTIMIZATION_LEVEL = "-Onone";
			};
			name = Debug;
		};
		D4CB6FA82056B16900055013 /* Release */ = {
			isa = XCBuildConfiguration;
			buildSettings = {
				ALWAYS_SEARCH_USER_PATHS = NO;
				CLANG_ANALYZER_NONNULL = YES;
				CLANG_ANALYZER_NUMBER_OBJECT_CONVERSION = YES_AGGRESSIVE;
				CLANG_CXX_LANGUAGE_STANDARD = "gnu++14";
				CLANG_CXX_LIBRARY = "libc++";
				CLANG_ENABLE_MODULES = YES;
				CLANG_ENABLE_OBJC_ARC = YES;
				CLANG_ENABLE_OBJC_WEAK = YES;
				CLANG_WARN_BLOCK_CAPTURE_AUTORELEASING = YES;
				CLANG_WARN_BOOL_CONVERSION = YES;
				CLANG_WARN_COMMA = YES;
				CLANG_WARN_CONSTANT_CONVERSION = YES;
				CLANG_WARN_DEPRECATED_OBJC_IMPLEMENTATIONS = YES;
				CLANG_WARN_DIRECT_OBJC_ISA_USAGE = YES_ERROR;
				CLANG_WARN_DOCUMENTATION_COMMENTS = YES;
				CLANG_WARN_EMPTY_BODY = YES;
				CLANG_WARN_ENUM_CONVERSION = YES;
				CLANG_WARN_INFINITE_RECURSION = YES;
				CLANG_WARN_INT_CONVERSION = YES;
				CLANG_WARN_NON_LITERAL_NULL_CONVERSION = YES;
				CLANG_WARN_OBJC_IMPLICIT_RETAIN_SELF = YES;
				CLANG_WARN_OBJC_LITERAL_CONVERSION = YES;
				CLANG_WARN_OBJC_ROOT_CLASS = YES_ERROR;
				CLANG_WARN_RANGE_LOOP_ANALYSIS = YES;
				CLANG_WARN_STRICT_PROTOTYPES = YES;
				CLANG_WARN_SUSPICIOUS_MOVE = YES;
				CLANG_WARN_UNGUARDED_AVAILABILITY = YES_AGGRESSIVE;
				CLANG_WARN_UNREACHABLE_CODE = YES;
				CLANG_WARN__DUPLICATE_METHOD_MATCH = YES;
				CODE_SIGN_IDENTITY = "iPhone Developer";
				COPY_PHASE_STRIP = NO;
				DEBUG_INFORMATION_FORMAT = "dwarf-with-dsym";
				ENABLE_NS_ASSERTIONS = NO;
				ENABLE_STRICT_OBJC_MSGSEND = YES;
				GCC_C_LANGUAGE_STANDARD = gnu11;
				GCC_NO_COMMON_BLOCKS = YES;
				GCC_WARN_64_TO_32_BIT_CONVERSION = YES;
				GCC_WARN_ABOUT_RETURN_TYPE = YES_ERROR;
				GCC_WARN_UNDECLARED_SELECTOR = YES;
				GCC_WARN_UNINITIALIZED_AUTOS = YES_AGGRESSIVE;
				GCC_WARN_UNUSED_FUNCTION = YES;
				GCC_WARN_UNUSED_VARIABLE = YES;
				IPHONEOS_DEPLOYMENT_TARGET = 11.3;
				MTL_ENABLE_DEBUG_INFO = NO;
				SDKROOT = iphoneos;
				SWIFT_COMPILATION_MODE = wholemodule;
				SWIFT_OPTIMIZATION_LEVEL = "-O";
				VALIDATE_PRODUCT = YES;
			};
			name = Release;
		};
		D4CB6FAA2056B16900055013 /* Debug */ = {
			isa = XCBuildConfiguration;
			buildSettings = {
				ASSETCATALOG_COMPILER_APPICON_NAME = AppIcon;
				CLANG_ENABLE_MODULES = YES;
				CLANG_ENABLE_OBJC_ARC = NO;
				CODE_SIGN_STYLE = Automatic;
				DEVELOPMENT_TEAM = 9Y2S7U7545;
				INFOPLIST_FILE = CryptTest/Info.plist;
				LD_RUNPATH_SEARCH_PATHS = (
					"$(inherited)",
					"@executable_path/Frameworks",
				);
				PRODUCT_BUNDLE_IDENTIFIER = cloud.wes.CryptTest;
				PRODUCT_NAME = "$(TARGET_NAME)";
				SWIFT_OBJC_BRIDGING_HEADER = "CryptTest/$(SWIFT_MODULE_NAME)-Swift.h";
				SWIFT_OPTIMIZATION_LEVEL = "-Onone";
				SWIFT_VERSION = 4.0;
				TARGETED_DEVICE_FAMILY = "1,2";
			};
			name = Debug;
		};
		D4CB6FAB2056B16900055013 /* Release */ = {
			isa = XCBuildConfiguration;
			buildSettings = {
				ASSETCATALOG_COMPILER_APPICON_NAME = AppIcon;
				CLANG_ENABLE_MODULES = YES;
				CLANG_ENABLE_OBJC_ARC = NO;
				CODE_SIGN_STYLE = Automatic;
				DEVELOPMENT_TEAM = 9Y2S7U7545;
				INFOPLIST_FILE = CryptTest/Info.plist;
				LD_RUNPATH_SEARCH_PATHS = (
					"$(inherited)",
					"@executable_path/Frameworks",
				);
				PRODUCT_BUNDLE_IDENTIFIER = cloud.wes.CryptTest;
				PRODUCT_NAME = "$(TARGET_NAME)";
				SWIFT_OBJC_BRIDGING_HEADER = "CryptTest/$(SWIFT_MODULE_NAME)-Swift.h";
				SWIFT_VERSION = 4.0;
				TARGETED_DEVICE_FAMILY = "1,2";
			};
			name = Release;
		};
		D4CB6FAD2056B16900055013 /* Debug */ = {
			isa = XCBuildConfiguration;
			buildSettings = {
				ALWAYS_EMBED_SWIFT_STANDARD_LIBRARIES = YES;
				BUNDLE_LOADER = "$(TEST_HOST)";
				CODE_SIGN_STYLE = Automatic;
				DEVELOPMENT_TEAM = 9Y2S7U7545;
				INFOPLIST_FILE = CryptTestTests/Info.plist;
				LD_RUNPATH_SEARCH_PATHS = (
					"$(inherited)",
					"@executable_path/Frameworks",
					"@loader_path/Frameworks",
				);
				PRODUCT_BUNDLE_IDENTIFIER = cloud.wes.CryptTestTests;
				PRODUCT_NAME = "$(TARGET_NAME)";
				SWIFT_VERSION = 4.0;
				TARGETED_DEVICE_FAMILY = "1,2";
				TEST_HOST = "$(BUILT_PRODUCTS_DIR)/CryptTest.app/CryptTest";
			};
			name = Debug;
		};
		D4CB6FAE2056B16900055013 /* Release */ = {
			isa = XCBuildConfiguration;
			buildSettings = {
				ALWAYS_EMBED_SWIFT_STANDARD_LIBRARIES = YES;
				BUNDLE_LOADER = "$(TEST_HOST)";
				CODE_SIGN_STYLE = Automatic;
				DEVELOPMENT_TEAM = 9Y2S7U7545;
				INFOPLIST_FILE = CryptTestTests/Info.plist;
				LD_RUNPATH_SEARCH_PATHS = (
					"$(inherited)",
					"@executable_path/Frameworks",
					"@loader_path/Frameworks",
				);
				PRODUCT_BUNDLE_IDENTIFIER = cloud.wes.CryptTestTests;
				PRODUCT_NAME = "$(TARGET_NAME)";
				SWIFT_VERSION = 4.0;
				TARGETED_DEVICE_FAMILY = "1,2";
				TEST_HOST = "$(BUILT_PRODUCTS_DIR)/CryptTest.app/CryptTest";
			};
			name = Release;
		};
		D4CB6FB02056B16900055013 /* Debug */ = {
			isa = XCBuildConfiguration;
			buildSettings = {
				ALWAYS_EMBED_SWIFT_STANDARD_LIBRARIES = YES;
				CODE_SIGN_STYLE = Automatic;
				DEVELOPMENT_TEAM = 9Y2S7U7545;
				INFOPLIST_FILE = CryptTestUITests/Info.plist;
				LD_RUNPATH_SEARCH_PATHS = (
					"$(inherited)",
					"@executable_path/Frameworks",
					"@loader_path/Frameworks",
				);
				PRODUCT_BUNDLE_IDENTIFIER = cloud.wes.CryptTestUITests;
				PRODUCT_NAME = "$(TARGET_NAME)";
				SWIFT_VERSION = 4.0;
				TARGETED_DEVICE_FAMILY = "1,2";
				TEST_TARGET_NAME = CryptTest;
			};
			name = Debug;
		};
		D4CB6FB12056B16900055013 /* Release */ = {
			isa = XCBuildConfiguration;
			buildSettings = {
				ALWAYS_EMBED_SWIFT_STANDARD_LIBRARIES = YES;
				CODE_SIGN_STYLE = Automatic;
				DEVELOPMENT_TEAM = 9Y2S7U7545;
				INFOPLIST_FILE = CryptTestUITests/Info.plist;
				LD_RUNPATH_SEARCH_PATHS = (
					"$(inherited)",
					"@executable_path/Frameworks",
					"@loader_path/Frameworks",
				);
				PRODUCT_BUNDLE_IDENTIFIER = cloud.wes.CryptTestUITests;
				PRODUCT_NAME = "$(TARGET_NAME)";
				SWIFT_VERSION = 4.0;
				TARGETED_DEVICE_FAMILY = "1,2";
				TEST_TARGET_NAME = CryptTest;
			};
			name = Release;
		};
/* End XCBuildConfiguration section */

/* Begin XCConfigurationList section */
		D4CB6F7C2056B16700055013 /* Build configuration list for PBXProject "CryptTest" */ = {
			isa = XCConfigurationList;
			buildConfigurations = (
				D4CB6FA72056B16900055013 /* Debug */,
				D4CB6FA82056B16900055013 /* Release */,
			);
			defaultConfigurationIsVisible = 0;
			defaultConfigurationName = Release;
		};
		D4CB6FA92056B16900055013 /* Build configuration list for PBXNativeTarget "CryptTest" */ = {
			isa = XCConfigurationList;
			buildConfigurations = (
				D4CB6FAA2056B16900055013 /* Debug */,
				D4CB6FAB2056B16900055013 /* Release */,
			);
			defaultConfigurationIsVisible = 0;
			defaultConfigurationName = Release;
		};
		D4CB6FAC2056B16900055013 /* Build configuration list for PBXNativeTarget "CryptTestTests" */ = {
			isa = XCConfigurationList;
			buildConfigurations = (
				D4CB6FAD2056B16900055013 /* Debug */,
				D4CB6FAE2056B16900055013 /* Release */,
			);
			defaultConfigurationIsVisible = 0;
			defaultConfigurationName = Release;
		};
		D4CB6FAF2056B16900055013 /* Build configuration list for PBXNativeTarget "CryptTestUITests" */ = {
			isa = XCConfigurationList;
			buildConfigurations = (
				D4CB6FB02056B16900055013 /* Debug */,
				D4CB6FB12056B16900055013 /* Release */,
			);
			defaultConfigurationIsVisible = 0;
			defaultConfigurationName = Release;
		};
/* End XCConfigurationList section */
	};
	rootObject = D4CB6F792056B16700055013 /* Project object */;
}
